schema: '2.0'
stages:
  train_yolov5:
    cmd: python ..//src/yolov5/train.py --epochs 2 --data ../data/data.yaml --batch-size
      8 --img 640 --weights '' --project ../models/trained/yolov5 --cfg ..//src/yolov5/models/yolov5s.yaml
      --optimizer Adam
    outs:
    - path: ../models/trained/yolov5
      md5: 3f14a4ab5b75db719cac65b9beb19916.dir
      size: 36287564
      nfiles: 23
  export_mlflow:
    cmd: python ..//main.py track_mlflow --result_path=../models/trained/yolov5 --model_path=../models/trained/yolov5/exp/weights/best.pt
      --yaml_path=./dvc.yaml
    deps:
    - path: ..//src/mlflow_utils/export.py
      md5: 507f754296baf189faf987c37b2f81a6
      size: 1501
